// !$*UTF8*$!
{
	archiveVersion = 1;
	classes = {
	};
	objectVersion = 46;
	objects = {

/* Begin PBXBuildFile section */
		1280635B1CFF21840082E742 /* AppDelegate.swift in Sources */ = {isa = PBXBuildFile; fileRef = 1280635A1CFF21840082E742 /* AppDelegate.swift */; };
		1280635E1CFF21840082E742 /* test.xcdatamodeld in Sources */ = {isa = PBXBuildFile; fileRef = 1280635C1CFF21840082E742 /* test.xcdatamodeld */; };
		128063601CFF21840082E742 /* MasterViewController.swift in Sources */ = {isa = PBXBuildFile; fileRef = 1280635F1CFF21840082E742 /* MasterViewController.swift */; };
		128063621CFF21840082E742 /* DetailViewController.swift in Sources */ = {isa = PBXBuildFile; fileRef = 128063611CFF21840082E742 /* DetailViewController.swift */; };
		128063651CFF21840082E742 /* Main.storyboard in Resources */ = {isa = PBXBuildFile; fileRef = 128063631CFF21840082E742 /* Main.storyboard */; };
		128063671CFF21840082E742 /* Assets.xcassets in Resources */ = {isa = PBXBuildFile; fileRef = 128063661CFF21840082E742 /* Assets.xcassets */; };
		1280636A1CFF21840082E742 /* LaunchScreen.storyboard in Resources */ = {isa = PBXBuildFile; fileRef = 128063681CFF21840082E742 /* LaunchScreen.storyboard */; };
		128063751CFF21840082E742 /* testTests.swift in Sources */ = {isa = PBXBuildFile; fileRef = 128063741CFF21840082E742 /* testTests.swift */; };
		128063801CFF21840082E742 /* testUITests.swift in Sources */ = {isa = PBXBuildFile; fileRef = 1280637F1CFF21840082E742 /* testUITests.swift */; };
/* End PBXBuildFile section */

/* Begin PBXContainerItemProxy section */
		128063711CFF21840082E742 /* PBXContainerItemProxy */ = {
			isa = PBXContainerItemProxy;
			containerPortal = 1280634F1CFF21840082E742 /* Project object */;
			proxyType = 1;
			remoteGlobalIDString = 128063561CFF21840082E742;
			remoteInfo = test;
		};
		1280637C1CFF21840082E742 /* PBXContainerItemProxy */ = {
			isa = PBXContainerItemProxy;
			containerPortal = 1280634F1CFF21840082E742 /* Project object */;
			proxyType = 1;
			remoteGlobalIDString = 128063561CFF21840082E742;
			remoteInfo = test;
		};
/* End PBXContainerItemProxy section */

/* Begin PBXFileReference section */
		128063571CFF21840082E742 /* test.app */ = {isa = PBXFileReference; explicitFileType = wrapper.application; includeInIndex = 0; path = test.app; sourceTree = BUILT_PRODUCTS_DIR; };
		1280635A1CFF21840082E742 /* AppDelegate.swift */ = {isa = PBXFileReference; lastKnownFileType = sourcecode.swift; path = AppDelegate.swift; sourceTree = "<group>"; };
		1280635D1CFF21840082E742 /* test.xcdatamodel */ = {isa = PBXFileReference; lastKnownFileType = wrapper.xcdatamodel; path = test.xcdatamodel; sourceTree = "<group>"; };
		1280635F1CFF21840082E742 /* MasterViewController.swift */ = {isa = PBXFileReference; lastKnownFileType = sourcecode.swift; path = MasterViewController.swift; sourceTree = "<group>"; };
		128063611CFF21840082E742 /* DetailViewController.swift */ = {isa = PBXFileReference; lastKnownFileType = sourcecode.swift; path = DetailViewController.swift; sourceTree = "<group>"; };
		128063641CFF21840082E742 /* Base */ = {isa = PBXFileReference; lastKnownFileType = file.storyboard; name = Base; path = Base.lproj/Main.storyboard; sourceTree = "<group>"; };
		128063661CFF21840082E742 /* Assets.xcassets */ = {isa = PBXFileReference; lastKnownFileType = folder.assetcatalog; path = Assets.xcassets; sourceTree = "<group>"; };
		128063691CFF21840082E742 /* Base */ = {isa = PBXFileReference; lastKnownFileType = file.storyboard; name = Base; path = Base.lproj/LaunchScreen.storyboard; sourceTree = "<group>"; };
		1280636B1CFF21840082E742 /* Info.plist */ = {isa = PBXFileReference; lastKnownFileType = text.plist.xml; path = Info.plist; sourceTree = "<group>"; };
		128063701CFF21840082E742 /* testTests.xctest */ = {isa = PBXFileReference; explicitFileType = wrapper.cfbundle; includeInIndex = 0; path = testTests.xctest; sourceTree = BUILT_PRODUCTS_DIR; };
		128063741CFF21840082E742 /* testTests.swift */ = {isa = PBXFileReference; lastKnownFileType = sourcecode.swift; path = testTests.swift; sourceTree = "<group>"; };
		128063761CFF21840082E742 /* Info.plist */ = {isa = PBXFileReference; lastKnownFileType = text.plist.xml; path = Info.plist; sourceTree = "<group>"; };
		1280637B1CFF21840082E742 /* testUITests.xctest */ = {isa = PBXFileReference; explicitFileType = wrapper.cfbundle; includeInIndex = 0; path = testUITests.xctest; sourceTree = BUILT_PRODUCTS_DIR; };
		1280637F1CFF21840082E742 /* testUITests.swift */ = {isa = PBXFileReference; lastKnownFileType = sourcecode.swift; path = testUITests.swift; sourceTree = "<group>"; };
		128063811CFF21840082E742 /* Info.plist */ = {isa = PBXFileReference; lastKnownFileType = text.plist.xml; path = Info.plist; sourceTree = "<group>"; };
/* End PBXFileReference section */

/* Begin PBXFrameworksBuildPhase section */
		128063541CFF21840082E742 /* Frameworks */ = {
			isa = PBXFrameworksBuildPhase;
			buildActionMask = 2147483647;
			files = (
			);
			runOnlyForDeploymentPostprocessing = 0;
		};
		1280636D1CFF21840082E742 /* Frameworks */ = {
			isa = PBXFrameworksBuildPhase;
			buildActionMask = 2147483647;
			files = (
			);
			runOnlyForDeploymentPostprocessing = 0;
		};
		128063781CFF21840082E742 /* Frameworks */ = {
			isa = PBXFrameworksBuildPhase;
			buildActionMask = 2147483647;
			files = (
			);
			runOnlyForDeploymentPostprocessing = 0;
		};
/* End PBXFrameworksBuildPhase section */

/* Begin PBXGroup section */
		1280634E1CFF21840082E742 = {
			isa = PBXGroup;
			children = (
				128063591CFF21840082E742 /* test */,
				128063731CFF21840082E742 /* testTests */,
				1280637E1CFF21840082E742 /* testUITests */,
				128063581CFF21840082E742 /* Products */,
			);
			sourceTree = "<group>";
		};
		128063581CFF21840082E742 /* Products */ = {
			isa = PBXGroup;
			children = (
				128063571CFF21840082E742 /* test.app */,
				128063701CFF21840082E742 /* testTests.xctest */,
				1280637B1CFF21840082E742 /* testUITests.xctest */,
			);
			name = Products;
			sourceTree = "<group>";
		};
		128063591CFF21840082E742 /* test */ = {
			isa = PBXGroup;
			children = (
				1280635A1CFF21840082E742 /* AppDelegate.swift */,
				1280635F1CFF21840082E742 /* MasterViewController.swift */,
				128063611CFF21840082E742 /* DetailViewController.swift */,
				128063631CFF21840082E742 /* Main.storyboard */,
				128063661CFF21840082E742 /* Assets.xcassets */,
				128063681CFF21840082E742 /* LaunchScreen.storyboard */,
				1280636B1CFF21840082E742 /* Info.plist */,
				1280635C1CFF21840082E742 /* test.xcdatamodeld */,
			);
			path = test;
			sourceTree = "<group>";
		};
		128063731CFF21840082E742 /* testTests */ = {
			isa = PBXGroup;
			children = (
				128063741CFF21840082E742 /* testTests.swift */,
				128063761CFF21840082E742 /* Info.plist */,
			);
			path = testTests;
			sourceTree = "<group>";
		};
		1280637E1CFF21840082E742 /* testUITests */ = {
			isa = PBXGroup;
			children = (
				1280637F1CFF21840082E742 /* testUITests.swift */,
				128063811CFF21840082E742 /* Info.plist */,
			);
			path = testUITests;
			sourceTree = "<group>";
		};
/* End PBXGroup section */

/* Begin PBXNativeTarget section */
		128063561CFF21840082E742 /* test */ = {
			isa = PBXNativeTarget;
			buildConfigurationList = 128063841CFF21840082E742 /* Build configuration list for PBXNativeTarget "test" */;
			buildPhases = (
				128063531CFF21840082E742 /* Sources */,
				128063541CFF21840082E742 /* Frameworks */,
				128063551CFF21840082E742 /* Resources */,
			);
			buildRules = (
			);
			dependencies = (
			);
			name = test;
			productName = test;
			productReference = 128063571CFF21840082E742 /* test.app */;
			productType = "com.apple.product-type.application";
		};
		1280636F1CFF21840082E742 /* testTests */ = {
			isa = PBXNativeTarget;
			buildConfigurationList = 128063871CFF21840082E742 /* Build configuration list for PBXNativeTarget "testTests" */;
			buildPhases = (
				1280636C1CFF21840082E742 /* Sources */,
				1280636D1CFF21840082E742 /* Frameworks */,
				1280636E1CFF21840082E742 /* Resources */,
			);
			buildRules = (
			);
			dependencies = (
				128063721CFF21840082E742 /* PBXTargetDependency */,
			);
			name = testTests;
			productName = testTests;
			productReference = 128063701CFF21840082E742 /* testTests.xctest */;
			productType = "com.apple.product-type.bundle.unit-test";
		};
		1280637A1CFF21840082E742 /* testUITests */ = {
			isa = PBXNativeTarget;
			buildConfigurationList = 1280638A1CFF21840082E742 /* Build configuration list for PBXNativeTarget "testUITests" */;
			buildPhases = (
				128063771CFF21840082E742 /* Sources */,
				128063781CFF21840082E742 /* Frameworks */,
				128063791CFF21840082E742 /* Resources */,
			);
			buildRules = (
			);
			dependencies = (
				1280637D1CFF21840082E742 /* PBXTargetDependency */,
			);
			name = testUITests;
			productName = testUITests;
			productReference = 1280637B1CFF21840082E742 /* testUITests.xctest */;
			productType = "com.apple.product-type.bundle.ui-testing";
		};
/* End PBXNativeTarget section */

/* Begin PBXProject section */
		1280634F1CFF21840082E742 /* Project object */ = {
			isa = PBXProject;
			attributes = {
				LastSwiftUpdateCheck = 0730;
				LastUpgradeCheck = 0730;
				ORGANIZATIONNAME = takayoshi;
				TargetAttributes = {
					128063561CFF21840082E742 = {
						CreatedOnToolsVersion = 7.3.1;
					};
					1280636F1CFF21840082E742 = {
						CreatedOnToolsVersion = 7.3.1;
						TestTargetID = 128063561CFF21840082E742;
					};
					1280637A1CFF21840082E742 = {
						CreatedOnToolsVersion = 7.3.1;
						TestTargetID = 128063561CFF21840082E742;
					};
				};
			};
			buildConfigurationList = 128063521CFF21840082E742 /* Build configuration list for PBXProject "test" */;
			compatibilityVersion = "Xcode 3.2";
			developmentRegion = English;
			hasScannedForEncodings = 0;
			knownRegions = (
				en,
				Base,
			);
			mainGroup = 1280634E1CFF21840082E742;
			productRefGroup = 128063581CFF21840082E742 /* Products */;
			projectDirPath = "";
			projectRoot = "";
			targets = (
				128063561CFF21840082E742 /* test */,
				1280636F1CFF21840082E742 /* testTests */,
				1280637A1CFF21840082E742 /* testUITests */,
			);
		};
/* End PBXProject section */

/* Begin PBXResourcesBuildPhase section */
		128063551CFF21840082E742 /* Resources */ = {
			isa = PBXResourcesBuildPhase;
			buildActionMask = 2147483647;
			files = (
				1280636A1CFF21840082E742 /* LaunchScreen.storyboard in Resources */,
				128063671CFF21840082E742 /* Assets.xcassets in Resources */,
				128063651CFF21840082E742 /* Main.storyboard in Resources */,
			);
			runOnlyForDeploymentPostprocessing = 0;
		};
		1280636E1CFF21840082E742 /* Resources */ = {
			isa = PBXResourcesBuildPhase;
			buildActionMask = 2147483647;
			files = (
			);
			runOnlyForDeploymentPostprocessing = 0;
		};
		128063791CFF21840082E742 /* Resources */ = {
			isa = PBXResourcesBuildPhase;
			buildActionMask = 2147483647;
			files = (
			);
			runOnlyForDeploymentPostprocessing = 0;
		};
/* End PBXResourcesBuildPhase section */

/* Begin PBXSourcesBuildPhase section */
		128063531CFF21840082E742 /* Sources */ = {
			isa = PBXSourcesBuildPhase;
			buildActionMask = 2147483647;
			files = (
				1280635B1CFF21840082E742 /* AppDelegate.swift in Sources */,
				1280635E1CFF21840082E742 /* test.xcdatamodeld in Sources */,
				128063601CFF21840082E742 /* MasterViewController.swift in Sources */,
				128063621CFF21840082E742 /* DetailViewController.swift in Sources */,
			);
			runOnlyForDeploymentPostprocessing = 0;
		};
		1280636C1CFF21840082E742 /* Sources */ = {
			isa = PBXSourcesBuildPhase;
			buildActionMask = 2147483647;
			files = (
				128063751CFF21840082E742 /* testTests.swift in Sources */,
			);
			runOnlyForDeploymentPostprocessing = 0;
		};
		128063771CFF21840082E742 /* Sources */ = {
			isa = PBXSourcesBuildPhase;
			buildActionMask = 2147483647;
			files = (
				128063801CFF21840082E742 /* testUITests.swift in Sources */,
			);
			runOnlyForDeploymentPostprocessing = 0;
		};
/* End PBXSourcesBuildPhase section */

/* Begin PBXTargetDependency section */
		128063721CFF21840082E742 /* PBXTargetDependency */ = {
			isa = PBXTargetDependency;
			target = 128063561CFF21840082E742 /* test */;
			targetProxy = 128063711CFF21840082E742 /* PBXContainerItemProxy */;
		};
		1280637D1CFF21840082E742 /* PBXTargetDependency */ = {
			isa = PBXTargetDependency;
			target = 128063561CFF21840082E742 /* test */;
			targetProxy = 1280637C1CFF21840082E742 /* PBXContainerItemProxy */;
		};
/* End PBXTargetDependency section */

/* Begin PBXVariantGroup section */
		128063631CFF21840082E742 /* Main.storyboard */ = {
			isa = PBXVariantGroup;
			children = (
				128063641CFF21840082E742 /* Base */,
			);
			name = Main.storyboard;
			sourceTree = "<group>";
		};
		128063681CFF21840082E742 /* LaunchScreen.storyboard */ = {
			isa = PBXVariantGroup;
			children = (
				128063691CFF21840082E742 /* Base */,
			);
			name = LaunchScreen.storyboard;
			sourceTree = "<group>";
		};
/* End PBXVariantGroup section */

/* Begin XCBuildConfiguration section */
		128063821CFF21840082E742 /* Debug */ = {
			isa = XCBuildConfiguration;
			buildSettings = {
				ALWAYS_SEARCH_USER_PATHS = NO;
				CLANG_ANALYZER_NONNULL = YES;
				CLANG_CXX_LANGUAGE_STANDARD = "gnu++0x";
				CLANG_CXX_LIBRARY = "libc++";
				CLANG_ENABLE_MODULES = YES;
				CLANG_ENABLE_OBJC_ARC = YES;
				CLANG_WARN_BOOL_CONVERSION = YES;
				CLANG_WARN_CONSTANT_CONVERSION = YES;
				CLANG_WARN_DIRECT_OBJC_ISA_USAGE = YES_ERROR;
				CLANG_WARN_EMPTY_BODY = YES;
				CLANG_WARN_ENUM_CONVERSION = YES;
				CLANG_WARN_INT_CONVERSION = YES;
				CLANG_WARN_OBJC_ROOT_CLASS = YES_ERROR;
				CLANG_WARN_UNREACHABLE_CODE = YES;
				CLANG_WARN__DUPLICATE_METHOD_MATCH = YES;
				"CODE_SIGN_IDENTITY[sdk=iphoneos*]" = "iPhone Developer";
				COPY_PHASE_STRIP = NO;
				DEBUG_INFORMATION_FORMAT = dwarf;
				ENABLE_STRICT_OBJC_MSGSEND = YES;
				ENABLE_TESTABILITY = YES;
				GCC_C_LANGUAGE_STANDARD = gnu99;
				GCC_DYNAMIC_NO_PIC = NO;
				GCC_NO_COMMON_BLOCKS = YES;
				GCC_OPTIMIZATION_LEVEL = 0;
				GCC_PREPROCESSOR_DEFINITIONS = (
					"DEBUG=1",
					"$(inherited)",
				);
				GCC_WARN_64_TO_32_BIT_CONVERSION = YES;
				GCC_WARN_ABOUT_RETURN_TYPE = YES_ERROR;
				GCC_WARN_UNDECLARED_SELECTOR = YES;
				GCC_WARN_UNINITIALIZED_AUTOS = YES_AGGRESSIVE;
				GCC_WARN_UNUSED_FUNCTION = YES;
				GCC_WARN_UNUSED_VARIABLE = YES;
				IPHONEOS_DEPLOYMENT_TARGET = 9.3;
				MTL_ENABLE_DEBUG_INFO = YES;
				ONLY_ACTIVE_ARCH = YES;
				SDKROOT = iphoneos;
				SWIFT_OPTIMIZATION_LEVEL = "-Onone";
			};
			name = Debug;
		};
		128063831CFF21840082E742 /* Release */ = {
			isa = XCBuildConfiguration;
			buildSettings = {
				ALWAYS_SEARCH_USER_PATHS = NO;
				CLANG_ANALYZER_NONNULL = YES;
				CLANG_CXX_LANGUAGE_STANDARD = "gnu++0x";
				CLANG_CXX_LIBRARY = "libc++";
				CLANG_ENABLE_MODULES = YES;
				CLANG_ENABLE_OBJC_ARC = YES;
				CLANG_WARN_BOOL_CONVERSION = YES;
				CLANG_WARN_CONSTANT_CONVERSION = YES;
				CLANG_WARN_DIRECT_OBJC_ISA_USAGE = YES_ERROR;
				CLANG_WARN_EMPTY_BODY = YES;
				CLANG_WARN_ENUM_CONVERSION = YES;
				CLANG_WARN_INT_CONVERSION = YES;
				CLANG_WARN_OBJC_ROOT_CLASS = YES_ERROR;
				CLANG_WARN_UNREACHABLE_CODE = YES;
				CLANG_WARN__DUPLICATE_METHOD_MATCH = YES;
				"CODE_SIGN_IDENTITY[sdk=iphoneos*]" = "iPhone Developer";
				COPY_PHASE_STRIP = NO;
				DEBUG_INFORMATION_FORMAT = "dwarf-with-dsym";
				ENABLE_NS_ASSERTIONS = NO;
				ENABLE_STRICT_OBJC_MSGSEND = YES;
				GCC_C_LANGUAGE_STANDARD = gnu99;
				GCC_NO_COMMON_BLOCKS = YES;
				GCC_WARN_64_TO_32_BIT_CONVERSION = YES;
				GCC_WARN_ABOUT_RETURN_TYPE = YES_ERROR;
				GCC_WARN_UNDECLARED_SELECTOR = YES;
				GCC_WARN_UNINITIALIZED_AUTOS = YES_AGGRESSIVE;
				GCC_WARN_UNUSED_FUNCTION = YES;
				GCC_WARN_UNUSED_VARIABLE = YES;
				IPHONEOS_DEPLOYMENT_TARGET = 9.3;
				MTL_ENABLE_DEBUG_INFO = NO;
				SDKROOT = iphoneos;
				VALIDATE_PRODUCT = YES;
			};
			name = Release;
		};
		128063851CFF21840082E742 /* Debug */ = {
			isa = XCBuildConfiguration;
			buildSettings = {
				ASSETCATALOG_COMPILER_APPICON_NAME = AppIcon;
				INFOPLIST_FILE = test/Info.plist;
				LD_RUNPATH_SEARCH_PATHS = "$(inherited) @executable_path/Frameworks";
				PRODUCT_BUNDLE_IDENTIFIER = com.takayoshi.test;
				PRODUCT_NAME = "$(TARGET_NAME)";
			};
			name = Debug;
		};
		128063861CFF21840082E742 /* Release */ = {
			isa = XCBuildConfiguration;
			buildSettings = {
				ASSETCATALOG_COMPILER_APPICON_NAME = AppIcon;
				INFOPLIST_FILE = test/Info.plist;
				LD_RUNPATH_SEARCH_PATHS = "$(inherited) @executable_path/Frameworks";
				PRODUCT_BUNDLE_IDENTIFIER = com.takayoshi.test;
				PRODUCT_NAME = "$(TARGET_NAME)";
			};
			name = Release;
		};
		128063881CFF21840082E742 /* Debug */ = {
			isa = XCBuildConfiguration;
			buildSettings = {
				BUNDLE_LOADER = "$(TEST_HOST)";
				INFOPLIST_FILE = testTests/Info.plist;
				LD_RUNPATH_SEARCH_PATHS = "$(inherited) @executable_path/Frameworks @loader_path/Frameworks";
				PRODUCT_BUNDLE_IDENTIFIER = com.takayoshi.testTests;
				PRODUCT_NAME = "$(TARGET_NAME)";
				TEST_HOST = "$(BUILT_PRODUCTS_DIR)/test.app/test";
			};
			name = Debug;
		};
		128063891CFF21840082E742 /* Release */ = {
			isa = XCBuildConfiguration;
			buildSettings = {
				BUNDLE_LOADER = "$(TEST_HOST)";
				INFOPLIST_FILE = testTests/Info.plist;
				LD_RUNPATH_SEARCH_PATHS = "$(inherited) @executable_path/Frameworks @loader_path/Frameworks";
				PRODUCT_BUNDLE_IDENTIFIER = com.takayoshi.testTests;
				PRODUCT_NAME = "$(TARGET_NAME)";
				TEST_HOST = "$(BUILT_PRODUCTS_DIR)/test.app/test";
			};
			name = Release;
		};
		1280638B1CFF21840082E742 /* Debug */ = {
			isa = XCBuildConfiguration;
			buildSettings = {
				INFOPLIST_FILE = testUITests/Info.plist;
				LD_RUNPATH_SEARCH_PATHS = "$(inherited) @executable_path/Frameworks @loader_path/Frameworks";
				PRODUCT_BUNDLE_IDENTIFIER = com.takayoshi.testUITests;
				PRODUCT_NAME = "$(TARGET_NAME)";
				TEST_TARGET_NAME = test;
			};
			name = Debug;
		};
		1280638C1CFF21840082E742 /* Release */ = {
			isa = XCBuildConfiguration;
			buildSettings = {
				INFOPLIST_FILE = testUITests/Info.plist;
				LD_RUNPATH_SEARCH_PATHS = "$(inherited) @executable_path/Frameworks @loader_path/Frameworks";
				PRODUCT_BUNDLE_IDENTIFIER = com.takayoshi.testUITests;
				PRODUCT_NAME = "$(TARGET_NAME)";
				TEST_TARGET_NAME = test;
			};
			name = Release;
		};
/* End XCBuildConfiguration section */

/* Begin XCConfigurationList section */
		128063521CFF21840082E742 /* Build configuration list for PBXProject "test" */ = {
			isa = XCConfigurationList;
			buildConfigurations = (
				128063821CFF21840082E742 /* Debug */,
				128063831CFF21840082E742 /* Release */,
			);
			defaultConfigurationIsVisible = 0;
			defaultConfigurationName = Release;
		};
		128063841CFF21840082E742 /* Build configuration list for PBXNativeTarget "test" */ = {
			isa = XCConfigurationList;
			buildConfigurations = (
				128063851CFF21840082E742 /* Debug */,
				128063861CFF21840082E742 /* Release */,
			);
			defaultConfigurationIsVisible = 0;
		};
		128063871CFF21840082E742 /* Build configuration list for PBXNativeTarget "testTests" */ = {
			isa = XCConfigurationList;
			buildConfigurations = (
				128063881CFF21840082E742 /* Debug */,
				128063891CFF21840082E742 /* Release */,
			);
			defaultConfigurationIsVisible = 0;
		};
		1280638A1CFF21840082E742 /* Build configuration list for PBXNativeTarget "testUITests" */ = {
			isa = XCConfigurationList;
			buildConfigurations = (
				1280638B1CFF21840082E742 /* Debug */,
				1280638C1CFF21840082E742 /* Release */,
			);
			defaultConfigurationIsVisible = 0;
		};
/* End XCConfigurationList section */

/* Begin XCVersionGroup section */
		1280635C1CFF21840082E742 /* test.xcdatamodeld */ = {
			isa = XCVersionGroup;
			children = (
				1280635D1CFF21840082E742 /* test.xcdatamodel */,
			);
			currentVersion = 1280635D1CFF21840082E742 /* test.xcdatamodel */;
			path = test.xcdatamodeld;
			sourceTree = "<group>";
			versionGroupType = wrapper.xcdatamodel;
		};
/* End XCVersionGroup section */
	};
	rootObject = 1280634F1CFF21840082E742 /* Project object */;
}
